
Microsoft Visual Studio Solution File, Format Version 12.00
# Visual Studio 15
VisualStudioVersion = 15.0.27703.2000
MinimumVisualStudioVersion = 10.0.40219.1
Project("{FAE04EC0-301F-11D3-BF4B-00C04F79EFBC}") = "FizzBuzz", "FizzBuzz\FizzBuzz.csproj", "{7AF89886-BC87-46DC-9BD0-35EE97197EF4}"
EndProject
Project("{FAE04EC0-301F-11D3-BF4B-00C04F79EFBC}") = "FizzBuzz.Test", "FizzBuzz.Test\FizzBuzz.Test.csproj", "{41D32EDF-4845-49FB-8286-3DE283BBC4B6}"
EndProject
Global
	GlobalSection(SolutionConfigurationPlatforms) = preSolution
		Debug|Any CPU = Debug|Any CPU
		Release|Any CPU = Release|Any CPU
	EndGlobalSection
	GlobalSection(ProjectConfigurationPlatforms) = postSolution
		{7AF89886-BC87-46DC-9BD0-35EE97197EF4}.Debug|Any CPU.ActiveCfg = Debug|Any CPU
		{7AF89886-BC87-46DC-9BD0-35EE97197EF4}.Debug|Any CPU.Build.0 = Debug|Any CPU
		{7AF89886-BC87-46DC-9BD0-35EE97197EF4}.Release|Any CPU.ActiveCfg = Release|Any CPU
		{7AF89886-BC87-46DC-9BD0-35EE97197EF4}.Release|Any CPU.Build.0 = Release|Any CPU
		{41D32EDF-4845-49FB-8286-3DE283BBC4B6}.Debug|Any CPU.ActiveCfg = Debug|Any CPU
		{41D32EDF-4845-49FB-8286-3DE283BBC4B6}.Debug|Any CPU.Build.0 = Debug|Any CPU
		{41D32EDF-4845-49FB-8286-3DE283BBC4B6}.Release|Any CPU.ActiveCfg = Release|Any CPU
		{41D32EDF-4845-49FB-8286-3DE283BBC4B6}.Release|Any CPU.Build.0 = Release|Any CPU
	EndGlobalSection
	GlobalSection(SolutionProperties) = preSolution
		HideSolutionNode = FALSE
	EndGlobalSection
	GlobalSection(ExtensibilityGlobals) = postSolution
		SolutionGuid = {10C88BA5-42F3-44C0-B96D-59BC96252F1B}
	EndGlobalSection
EndGlobal
